
Microsoft Visual Studio Solution File, Format Version 12.00
# Visual Studio Version 16
VisualStudioVersion = 16.0.28922.388
MinimumVisualStudioVersion = 10.0.40219.1
Project("{FAE04EC0-301F-11D3-BF4B-00C04F79EFBC}") = "RefactorExample.Web", "RefactorExample\RefactorExample.Web.csproj", "{B8DB04F7-7C2C-4EC3-9B35-ACDDE0E47554}"
EndProject
Project("{FAE04EC0-301F-11D3-BF4B-00C04F79EFBC}") = "RefactorExample.Business", "RefactorExample.Business\RefactorExample.Business.csproj", "{23616F20-299F-4C5C-8BBD-21321489B479}"
EndProject
Project("{FAE04EC0-301F-11D3-BF4B-00C04F79EFBC}") = "RefactorExample.Data", "RefactorExample.Data\RefactorExample.Data.csproj", "{2C0A1F07-7642-48C7-907C-6D9C247D4F34}"
EndProject
Global
	GlobalSection(SolutionConfigurationPlatforms) = preSolution
		Debug|Any CPU = Debug|Any CPU
		Release|Any CPU = Release|Any CPU
	EndGlobalSection
	GlobalSection(ProjectConfigurationPlatforms) = postSolution
		{B8DB04F7-7C2C-4EC3-9B35-ACDDE0E47554}.Debug|Any CPU.ActiveCfg = Debug|Any CPU
		{B8DB04F7-7C2C-4EC3-9B35-ACDDE0E47554}.Debug|Any CPU.Build.0 = Debug|Any CPU
		{B8DB04F7-7C2C-4EC3-9B35-ACDDE0E47554}.Release|Any CPU.ActiveCfg = Release|Any CPU
		{B8DB04F7-7C2C-4EC3-9B35-ACDDE0E47554}.Release|Any CPU.Build.0 = Release|Any CPU
		{23616F20-299F-4C5C-8BBD-21321489B479}.Debug|Any CPU.ActiveCfg = Debug|Any CPU
		{23616F20-299F-4C5C-8BBD-21321489B479}.Debug|Any CPU.Build.0 = Debug|Any CPU
		{23616F20-299F-4C5C-8BBD-21321489B479}.Release|Any CPU.ActiveCfg = Release|Any CPU
		{23616F20-299F-4C5C-8BBD-21321489B479}.Release|Any CPU.Build.0 = Release|Any CPU
		{2C0A1F07-7642-48C7-907C-6D9C247D4F34}.Debug|Any CPU.ActiveCfg = Debug|Any CPU
		{2C0A1F07-7642-48C7-907C-6D9C247D4F34}.Debug|Any CPU.Build.0 = Debug|Any CPU
		{2C0A1F07-7642-48C7-907C-6D9C247D4F34}.Release|Any CPU.ActiveCfg = Release|Any CPU
		{2C0A1F07-7642-48C7-907C-6D9C247D4F34}.Release|Any CPU.Build.0 = Release|Any CPU
	EndGlobalSection
	GlobalSection(SolutionProperties) = preSolution
		HideSolutionNode = FALSE
	EndGlobalSection
	GlobalSection(ExtensibilityGlobals) = postSolution
		SolutionGuid = {0649C8FD-FC65-40A0-8FFA-1A7DF759B9BD}
	EndGlobalSection
EndGlobal
